
Microsoft Visual Studio Solution File, Format Version 12.00
# Visual Studio Version 17
VisualStudioVersion = 17.0.31919.166
MinimumVisualStudioVersion = 10.0.40219.1
Project("{FAE04EC0-301F-11D3-BF4B-00C04F79EFBC}") = "RoomCalc", "RoomCalc\RoomCalc.csproj", "{3070B182-02FC-43AB-9978-3DD04D14461E}"
EndProject
Global
	GlobalSection(SolutionConfigurationPlatforms) = preSolution
		Debug|Any CPU = Debug|Any CPU
		Release|Any CPU = Release|Any CPU
	EndGlobalSection
	GlobalSection(ProjectConfigurationPlatforms) = postSolution
		{3070B182-02FC-43AB-9978-3DD04D14461E}.Debug|Any CPU.ActiveCfg = Debug|Any CPU
		{3070B182-02FC-43AB-9978-3DD04D14461E}.Debug|Any CPU.Build.0 = Debug|Any CPU
		{3070B182-02FC-43AB-9978-3DD04D14461E}.Release|Any CPU.ActiveCfg = Release|Any CPU
		{3070B182-02FC-43AB-9978-3DD04D14461E}.Release|Any CPU.Build.0 = Release|Any CPU
	EndGlobalSection
	GlobalSection(SolutionProperties) = preSolution
		HideSolutionNode = FALSE
	EndGlobalSection
	GlobalSection(ExtensibilityGlobals) = postSolution
		SolutionGuid = {4FBBA9BB-DFFB-42CA-ADC6-EA964641F42A}
	EndGlobalSection
EndGlobal
